{
  "name": "examples",
  "version": "1.0.0",
  "lockfileVersion": 1,
  "requires": true,
  "dependencies": {
    "@crowdedjs/objs": {
      "version": "0.1.0",
      "resolved": "https://registry.npmjs.org/@crowdedjs/objs/-/objs-0.1.0.tgz",
      "integrity": "sha512-Z331i1XiOfhhvLFqC+LFu2IbgtgxSKhr/Hc1qKO7sqi41D8ytgXLwRP+LEvpBiGqFs9R0kJIH4oxZGsZbBalQw=="
    },
    "@crowdedjs/recast-detour": {
      "version": "0.1.1",
      "resolved": "https://registry.npmjs.org/@crowdedjs/recast-detour/-/recast-detour-0.1.1.tgz",
      "integrity": "sha512-ZHeVwHfSz77yTjiIbmhsj+nOnKCwpAeY3b5wgUyHK/EMl3T3O7o1ruEGjUkw7sXfVU7sO/SxWgknPRla4u9ZEQ=="
    },
    "@crowdedjs/worker": {
      "version": "0.1.0",
      "resolved": "https://registry.npmjs.org/@crowdedjs/worker/-/worker-0.1.0.tgz",
      "integrity": "sha512-lbUAOtQMeY/ILSJzz+UjRwzGlJYbWK2CtrF6VhyJSMtZtWWlf6aFMvjMdQAQWHCNa81Wqc5EWa2linXUbYW3bQ==",
      "requires": {
        "@crowdedjs/recast-detour": "^0.1.1"
      }
    }
  }
}
